
Microsoft Visual Studio Solution File, Format Version 12.00
# Visual Studio Version 17
VisualStudioVersion = 17.8.34316.72
MinimumVisualStudioVersion = 10.0.40219.1
Project("{2150E333-8FDC-42A3-9474-1A3956D46DE8}") = "src", "src", "{A9038B72-2C94-475D-B515-D2003B489674}"
EndProject
Project("{2150E333-8FDC-42A3-9474-1A3956D46DE8}") = "tests", "tests", "{0F5EF621-903A-4BE5-8F83-747668E98A21}"
EndProject
Project("{9A19103F-16F7-4668-BE54-9A1E7A4F7556}") = "Onyx.Data", "src\Onyx.Data\Onyx.Data.csproj", "{65769474-0417-43E3-A91F-68F1106C12CF}"
EndProject
Project("{9A19103F-16F7-4668-BE54-9A1E7A4F7556}") = "Onyx.Domain", "src\Onyx.Domain\Onyx.Domain.csproj", "{7FC617DA-F320-4909-92A3-6376297C7213}"
EndProject
Project("{9A19103F-16F7-4668-BE54-9A1E7A4F7556}") = "Onyx.Data.Tests", "tests\Onyx.Data.Tests\Onyx.Data.Tests.csproj", "{F6D29A16-7620-4226-A1FE-1B4258517977}"
EndProject
Project("{9A19103F-16F7-4668-BE54-9A1E7A4F7556}") = "Onyx.Api", "src\Onyx.Api\Onyx.Api.csproj", "{98F7CBC9-803F-4862-8D98-7694EFE974D9}"
EndProject
Project("{9A19103F-16F7-4668-BE54-9A1E7A4F7556}") = "Onyx.Application.Tests", "tests\Onyx.Application.Tests\Onyx.Application.Tests.csproj", "{3A08A1F0-4454-47A9-AA94-33A667A1C3DB}"
EndProject
Project("{9A19103F-16F7-4668-BE54-9A1E7A4F7556}") = "Onyx.Application", "src\Onyx.Application\Onyx.Application.csproj", "{5559613F-AA04-46E8-AC4A-A58E35A6FE04}"
EndProject
Project("{9A19103F-16F7-4668-BE54-9A1E7A4F7556}") = "Onyx.Models", "src\Onyx.Models\Onyx.Models.csproj", "{BC00E5AE-FCE2-4816-8103-05640C042CA7}"
EndProject
Project("{9A19103F-16F7-4668-BE54-9A1E7A4F7556}") = "Onyx.Api.Tests", "tests\Onyx.Api.Tests\Onyx.Api.Tests.csproj", "{7469DD1B-8211-4F89-894A-4DE14D65E69E}"
EndProject
Project("{FAE04EC0-301F-11D3-BF4B-00C04F79EFBC}") = "Onyx.Api.IntegrationTests", "tests\Onyx.Api.IntegrationTests\Onyx.Api.IntegrationTests.csproj", "{1E7161A3-5EBB-41A4-B893-09A25E012D98}"
EndProject
Project("{FAE04EC0-301F-11D3-BF4B-00C04F79EFBC}") = "Onyx.Postman", "tests\Onyx.Postman\Onyx.Postman.csproj", "{000181ED-18FB-4A27-A222-64C8B68D5157}"
EndProject
Global
	GlobalSection(SolutionConfigurationPlatforms) = preSolution
		Debug|Any CPU = Debug|Any CPU
		Release|Any CPU = Release|Any CPU
	EndGlobalSection
	GlobalSection(ProjectConfigurationPlatforms) = postSolution
		{65769474-0417-43E3-A91F-68F1106C12CF}.Debug|Any CPU.ActiveCfg = Debug|Any CPU
		{65769474-0417-43E3-A91F-68F1106C12CF}.Debug|Any CPU.Build.0 = Debug|Any CPU
		{65769474-0417-43E3-A91F-68F1106C12CF}.Release|Any CPU.ActiveCfg = Release|Any CPU
		{65769474-0417-43E3-A91F-68F1106C12CF}.Release|Any CPU.Build.0 = Release|Any CPU
		{7FC617DA-F320-4909-92A3-6376297C7213}.Debug|Any CPU.ActiveCfg = Debug|Any CPU
		{7FC617DA-F320-4909-92A3-6376297C7213}.Debug|Any CPU.Build.0 = Debug|Any CPU
		{7FC617DA-F320-4909-92A3-6376297C7213}.Release|Any CPU.ActiveCfg = Release|Any CPU
		{7FC617DA-F320-4909-92A3-6376297C7213}.Release|Any CPU.Build.0 = Release|Any CPU
		{F6D29A16-7620-4226-A1FE-1B4258517977}.Debug|Any CPU.ActiveCfg = Debug|Any CPU
		{F6D29A16-7620-4226-A1FE-1B4258517977}.Debug|Any CPU.Build.0 = Debug|Any CPU
		{F6D29A16-7620-4226-A1FE-1B4258517977}.Release|Any CPU.ActiveCfg = Release|Any CPU
		{F6D29A16-7620-4226-A1FE-1B4258517977}.Release|Any CPU.Build.0 = Release|Any CPU
		{98F7CBC9-803F-4862-8D98-7694EFE974D9}.Debug|Any CPU.ActiveCfg = Debug|Any CPU
		{98F7CBC9-803F-4862-8D98-7694EFE974D9}.Debug|Any CPU.Build.0 = Debug|Any CPU
		{98F7CBC9-803F-4862-8D98-7694EFE974D9}.Release|Any CPU.ActiveCfg = Release|Any CPU
		{98F7CBC9-803F-4862-8D98-7694EFE974D9}.Release|Any CPU.Build.0 = Release|Any CPU
		{3A08A1F0-4454-47A9-AA94-33A667A1C3DB}.Debug|Any CPU.ActiveCfg = Debug|Any CPU
		{3A08A1F0-4454-47A9-AA94-33A667A1C3DB}.Debug|Any CPU.Build.0 = Debug|Any CPU
		{3A08A1F0-4454-47A9-AA94-33A667A1C3DB}.Release|Any CPU.ActiveCfg = Release|Any CPU
		{3A08A1F0-4454-47A9-AA94-33A667A1C3DB}.Release|Any CPU.Build.0 = Release|Any CPU
		{5559613F-AA04-46E8-AC4A-A58E35A6FE04}.Debug|Any CPU.ActiveCfg = Debug|Any CPU
		{5559613F-AA04-46E8-AC4A-A58E35A6FE04}.Debug|Any CPU.Build.0 = Debug|Any CPU
		{5559613F-AA04-46E8-AC4A-A58E35A6FE04}.Release|Any CPU.ActiveCfg = Release|Any CPU
		{5559613F-AA04-46E8-AC4A-A58E35A6FE04}.Release|Any CPU.Build.0 = Release|Any CPU
		{BC00E5AE-FCE2-4816-8103-05640C042CA7}.Debug|Any CPU.ActiveCfg = Debug|Any CPU
		{BC00E5AE-FCE2-4816-8103-05640C042CA7}.Debug|Any CPU.Build.0 = Debug|Any CPU
		{BC00E5AE-FCE2-4816-8103-05640C042CA7}.Release|Any CPU.ActiveCfg = Release|Any CPU
		{BC00E5AE-FCE2-4816-8103-05640C042CA7}.Release|Any CPU.Build.0 = Release|Any CPU
		{7469DD1B-8211-4F89-894A-4DE14D65E69E}.Debug|Any CPU.ActiveCfg = Debug|Any CPU
		{7469DD1B-8211-4F89-894A-4DE14D65E69E}.Debug|Any CPU.Build.0 = Debug|Any CPU
		{7469DD1B-8211-4F89-894A-4DE14D65E69E}.Release|Any CPU.ActiveCfg = Release|Any CPU
		{7469DD1B-8211-4F89-894A-4DE14D65E69E}.Release|Any CPU.Build.0 = Release|Any CPU
		{1E7161A3-5EBB-41A4-B893-09A25E012D98}.Debug|Any CPU.ActiveCfg = Debug|Any CPU
		{1E7161A3-5EBB-41A4-B893-09A25E012D98}.Debug|Any CPU.Build.0 = Debug|Any CPU
		{1E7161A3-5EBB-41A4-B893-09A25E012D98}.Release|Any CPU.ActiveCfg = Release|Any CPU
		{1E7161A3-5EBB-41A4-B893-09A25E012D98}.Release|Any CPU.Build.0 = Release|Any CPU
		{000181ED-18FB-4A27-A222-64C8B68D5157}.Debug|Any CPU.ActiveCfg = Debug|Any CPU
		{000181ED-18FB-4A27-A222-64C8B68D5157}.Debug|Any CPU.Build.0 = Debug|Any CPU
		{000181ED-18FB-4A27-A222-64C8B68D5157}.Release|Any CPU.ActiveCfg = Release|Any CPU
		{000181ED-18FB-4A27-A222-64C8B68D5157}.Release|Any CPU.Build.0 = Release|Any CPU
	EndGlobalSection
	GlobalSection(SolutionProperties) = preSolution
		HideSolutionNode = FALSE
	EndGlobalSection
	GlobalSection(NestedProjects) = preSolution
		{65769474-0417-43E3-A91F-68F1106C12CF} = {A9038B72-2C94-475D-B515-D2003B489674}
		{7FC617DA-F320-4909-92A3-6376297C7213} = {A9038B72-2C94-475D-B515-D2003B489674}
		{F6D29A16-7620-4226-A1FE-1B4258517977} = {0F5EF621-903A-4BE5-8F83-747668E98A21}
		{98F7CBC9-803F-4862-8D98-7694EFE974D9} = {A9038B72-2C94-475D-B515-D2003B489674}
		{3A08A1F0-4454-47A9-AA94-33A667A1C3DB} = {0F5EF621-903A-4BE5-8F83-747668E98A21}
		{5559613F-AA04-46E8-AC4A-A58E35A6FE04} = {A9038B72-2C94-475D-B515-D2003B489674}
		{BC00E5AE-FCE2-4816-8103-05640C042CA7} = {A9038B72-2C94-475D-B515-D2003B489674}
		{7469DD1B-8211-4F89-894A-4DE14D65E69E} = {0F5EF621-903A-4BE5-8F83-747668E98A21}
		{1E7161A3-5EBB-41A4-B893-09A25E012D98} = {0F5EF621-903A-4BE5-8F83-747668E98A21}
		{000181ED-18FB-4A27-A222-64C8B68D5157} = {0F5EF621-903A-4BE5-8F83-747668E98A21}
	EndGlobalSection
	GlobalSection(ExtensibilityGlobals) = postSolution
		SolutionGuid = {B5751DE9-446B-4FC5-A070-E91B5DA62AA5}
	EndGlobalSection
EndGlobal
